// !$*UTF8*$!
{
	archiveVersion = 1;
	classes = {
	};
	objectVersion = 46;
	objects = {

/* Begin PBXBuildFile section */
		3D1283341CC5361A00F32375 /* AppDelegate.swift in Sources */ = {isa = PBXBuildFile; fileRef = 3D1283331CC5361A00F32375 /* AppDelegate.swift */; };
		3D1283361CC5361A00F32375 /* ViewController.swift in Sources */ = {isa = PBXBuildFile; fileRef = 3D1283351CC5361A00F32375 /* ViewController.swift */; };
		3D1283391CC5361A00F32375 /* Main.storyboard in Resources */ = {isa = PBXBuildFile; fileRef = 3D1283371CC5361A00F32375 /* Main.storyboard */; };
		3D12833C1CC5361B00F32375 /* MannersApplication.xcdatamodeld in Sources */ = {isa = PBXBuildFile; fileRef = 3D12833A1CC5361B00F32375 /* MannersApplication.xcdatamodeld */; };
		3D12833E1CC5361B00F32375 /* Assets.xcassets in Resources */ = {isa = PBXBuildFile; fileRef = 3D12833D1CC5361B00F32375 /* Assets.xcassets */; };
		3D1283411CC5361B00F32375 /* LaunchScreen.storyboard in Resources */ = {isa = PBXBuildFile; fileRef = 3D12833F1CC5361B00F32375 /* LaunchScreen.storyboard */; };
		3D1283491CC53B4600F32375 /* Manner.swift in Sources */ = {isa = PBXBuildFile; fileRef = 3D1283481CC53B4600F32375 /* Manner.swift */; };
		3D12834D1CC5437100F32375 /* MannersDetailViewController.swift in Sources */ = {isa = PBXBuildFile; fileRef = 3D12834C1CC5437100F32375 /* MannersDetailViewController.swift */; };
		3D1283531CC5445C00F32375 /* UIImage+Gif.swift in Sources */ = {isa = PBXBuildFile; fileRef = 3D1283521CC5445C00F32375 /* UIImage+Gif.swift */; };
		3D1283561CC555C100F32375 /* MannerTableViewCell.swift in Sources */ = {isa = PBXBuildFile; fileRef = 3D1283541CC555C100F32375 /* MannerTableViewCell.swift */; };
		3D1283571CC555C100F32375 /* MannerTableViewCell.xib in Resources */ = {isa = PBXBuildFile; fileRef = 3D1283551CC555C100F32375 /* MannerTableViewCell.xib */; };
/* End PBXBuildFile section */

/* Begin PBXFileReference section */
		3D1283301CC5361A00F32375 /* MannersApplication.app */ = {isa = PBXFileReference; explicitFileType = wrapper.application; includeInIndex = 0; path = MannersApplication.app; sourceTree = BUILT_PRODUCTS_DIR; };
		3D1283331CC5361A00F32375 /* AppDelegate.swift */ = {isa = PBXFileReference; lastKnownFileType = sourcecode.swift; path = AppDelegate.swift; sourceTree = "<group>"; };
		3D1283351CC5361A00F32375 /* ViewController.swift */ = {isa = PBXFileReference; lastKnownFileType = sourcecode.swift; path = ViewController.swift; sourceTree = "<group>"; };
		3D1283381CC5361A00F32375 /* Base */ = {isa = PBXFileReference; lastKnownFileType = file.storyboard; name = Base; path = Base.lproj/Main.storyboard; sourceTree = "<group>"; };
		3D12833B1CC5361B00F32375 /* MannersApplication.xcdatamodel */ = {isa = PBXFileReference; lastKnownFileType = wrapper.xcdatamodel; path = MannersApplication.xcdatamodel; sourceTree = "<group>"; };
		3D12833D1CC5361B00F32375 /* Assets.xcassets */ = {isa = PBXFileReference; lastKnownFileType = folder.assetcatalog; path = Assets.xcassets; sourceTree = "<group>"; };
		3D1283401CC5361B00F32375 /* Base */ = {isa = PBXFileReference; lastKnownFileType = file.storyboard; name = Base; path = Base.lproj/LaunchScreen.storyboard; sourceTree = "<group>"; };
		3D1283421CC5361B00F32375 /* Info.plist */ = {isa = PBXFileReference; lastKnownFileType = text.plist.xml; path = Info.plist; sourceTree = "<group>"; };
		3D1283481CC53B4600F32375 /* Manner.swift */ = {isa = PBXFileReference; fileEncoding = 4; lastKnownFileType = sourcecode.swift; path = Manner.swift; sourceTree = "<group>"; };
		3D12834C1CC5437100F32375 /* MannersDetailViewController.swift */ = {isa = PBXFileReference; fileEncoding = 4; lastKnownFileType = sourcecode.swift; path = MannersDetailViewController.swift; sourceTree = "<group>"; };
		3D1283521CC5445C00F32375 /* UIImage+Gif.swift */ = {isa = PBXFileReference; fileEncoding = 4; lastKnownFileType = sourcecode.swift; path = "UIImage+Gif.swift"; sourceTree = "<group>"; };
		3D1283541CC555C100F32375 /* MannerTableViewCell.swift */ = {isa = PBXFileReference; fileEncoding = 4; lastKnownFileType = sourcecode.swift; path = MannerTableViewCell.swift; sourceTree = "<group>"; };
		3D1283551CC555C100F32375 /* MannerTableViewCell.xib */ = {isa = PBXFileReference; fileEncoding = 4; lastKnownFileType = file.xib; name = MannerTableViewCell.xib; path = MannersApplication/MannerTableViewCell.xib; sourceTree = SOURCE_ROOT; };
/* End PBXFileReference section */

/* Begin PBXFrameworksBuildPhase section */
		3D12832D1CC5361A00F32375 /* Frameworks */ = {
			isa = PBXFrameworksBuildPhase;
			buildActionMask = 2147483647;
			files = (
			);
			runOnlyForDeploymentPostprocessing = 0;
		};
/* End PBXFrameworksBuildPhase section */

/* Begin PBXGroup section */
		3D1283271CC5361A00F32375 = {
			isa = PBXGroup;
			children = (
				3D1283321CC5361A00F32375 /* MannersApplication */,
				3D1283311CC5361A00F32375 /* Products */,
			);
			sourceTree = "<group>";
		};
		3D1283311CC5361A00F32375 /* Products */ = {
			isa = PBXGroup;
			children = (
				3D1283301CC5361A00F32375 /* MannersApplication.app */,
			);
			name = Products;
			sourceTree = "<group>";
		};
		3D1283321CC5361A00F32375 /* MannersApplication */ = {
			isa = PBXGroup;
			children = (
				3D1283331CC5361A00F32375 /* AppDelegate.swift */,
				3D1283371CC5361A00F32375 /* Main.storyboard */,
				3D12833D1CC5361B00F32375 /* Assets.xcassets */,
				3D12833F1CC5361B00F32375 /* LaunchScreen.storyboard */,
				3D1283421CC5361B00F32375 /* Info.plist */,
				3D12833A1CC5361B00F32375 /* MannersApplication.xcdatamodeld */,
				3D1283481CC53B4600F32375 /* Manner.swift */,
				3D1283351CC5361A00F32375 /* ViewController.swift */,
				3D12834C1CC5437100F32375 /* MannersDetailViewController.swift */,
				3D1283521CC5445C00F32375 /* UIImage+Gif.swift */,
				3D1283541CC555C100F32375 /* MannerTableViewCell.swift */,
				3D1283551CC555C100F32375 /* MannerTableViewCell.xib */,
			);
			path = MannersApplication;
			sourceTree = "<group>";
		};
/* End PBXGroup section */

/* Begin PBXNativeTarget section */
		3D12832F1CC5361A00F32375 /* MannersApplication */ = {
			isa = PBXNativeTarget;
			buildConfigurationList = 3D1283451CC5361B00F32375 /* Build configuration list for PBXNativeTarget "MannersApplication" */;
			buildPhases = (
				3D12832C1CC5361A00F32375 /* Sources */,
				3D12832D1CC5361A00F32375 /* Frameworks */,
				3D12832E1CC5361A00F32375 /* Resources */,
			);
			buildRules = (
			);
			dependencies = (
			);
			name = MannersApplication;
			productName = MannersApplication;
			productReference = 3D1283301CC5361A00F32375 /* MannersApplication.app */;
			productType = "com.apple.product-type.application";
		};
/* End PBXNativeTarget section */

/* Begin PBXProject section */
		3D1283281CC5361A00F32375 /* Project object */ = {
			isa = PBXProject;
			attributes = {
				LastSwiftUpdateCheck = 0720;
				LastUpgradeCheck = 0720;
				ORGANIZATIONNAME = "Project(X)";
				TargetAttributes = {
					3D12832F1CC5361A00F32375 = {
						CreatedOnToolsVersion = 7.2.1;
						DevelopmentTeam = A8E56ATQFS;
					};
				};
			};
			buildConfigurationList = 3D12832B1CC5361A00F32375 /* Build configuration list for PBXProject "MannersApplication" */;
			compatibilityVersion = "Xcode 3.2";
			developmentRegion = English;
			hasScannedForEncodings = 0;
			knownRegions = (
				en,
				Base,
			);
			mainGroup = 3D1283271CC5361A00F32375;
			productRefGroup = 3D1283311CC5361A00F32375 /* Products */;
			projectDirPath = "";
			projectRoot = "";
			targets = (
				3D12832F1CC5361A00F32375 /* MannersApplication */,
			);
		};
/* End PBXProject section */

/* Begin PBXResourcesBuildPhase section */
		3D12832E1CC5361A00F32375 /* Resources */ = {
			isa = PBXResourcesBuildPhase;
			buildActionMask = 2147483647;
			files = (
				3D1283571CC555C100F32375 /* MannerTableViewCell.xib in Resources */,
				3D1283411CC5361B00F32375 /* LaunchScreen.storyboard in Resources */,
				3D12833E1CC5361B00F32375 /* Assets.xcassets in Resources */,
				3D1283391CC5361A00F32375 /* Main.storyboard in Resources */,
			);
			runOnlyForDeploymentPostprocessing = 0;
		};
/* End PBXResourcesBuildPhase section */

/* Begin PBXSourcesBuildPhase section */
		3D12832C1CC5361A00F32375 /* Sources */ = {
			isa = PBXSourcesBuildPhase;
			buildActionMask = 2147483647;
			files = (
				3D1283561CC555C100F32375 /* MannerTableViewCell.swift in Sources */,
				3D1283491CC53B4600F32375 /* Manner.swift in Sources */,
				3D12833C1CC5361B00F32375 /* MannersApplication.xcdatamodeld in Sources */,
				3D1283531CC5445C00F32375 /* UIImage+Gif.swift in Sources */,
				3D1283361CC5361A00F32375 /* ViewController.swift in Sources */,
				3D12834D1CC5437100F32375 /* MannersDetailViewController.swift in Sources */,
				3D1283341CC5361A00F32375 /* AppDelegate.swift in Sources */,
			);
			runOnlyForDeploymentPostprocessing = 0;
		};
/* End PBXSourcesBuildPhase section */

/* Begin PBXVariantGroup section */
		3D1283371CC5361A00F32375 /* Main.storyboard */ = {
			isa = PBXVariantGroup;
			children = (
				3D1283381CC5361A00F32375 /* Base */,
			);
			name = Main.storyboard;
			sourceTree = "<group>";
		};
		3D12833F1CC5361B00F32375 /* LaunchScreen.storyboard */ = {
			isa = PBXVariantGroup;
			children = (
				3D1283401CC5361B00F32375 /* Base */,
			);
			name = LaunchScreen.storyboard;
			sourceTree = "<group>";
		};
/* End PBXVariantGroup section */

/* Begin XCBuildConfiguration section */
		3D1283431CC5361B00F32375 /* Debug */ = {
			isa = XCBuildConfiguration;
			buildSettings = {
				ALWAYS_SEARCH_USER_PATHS = NO;
				CLANG_CXX_LANGUAGE_STANDARD = "gnu++0x";
				CLANG_CXX_LIBRARY = "libc++";
				CLANG_ENABLE_MODULES = YES;
				CLANG_ENABLE_OBJC_ARC = YES;
				CLANG_WARN_BOOL_CONVERSION = YES;
				CLANG_WARN_CONSTANT_CONVERSION = YES;
				CLANG_WARN_DIRECT_OBJC_ISA_USAGE = YES_ERROR;
				CLANG_WARN_EMPTY_BODY = YES;
				CLANG_WARN_ENUM_CONVERSION = YES;
				CLANG_WARN_INT_CONVERSION = YES;
				CLANG_WARN_OBJC_ROOT_CLASS = YES_ERROR;
				CLANG_WARN_UNREACHABLE_CODE = YES;
				CLANG_WARN__DUPLICATE_METHOD_MATCH = YES;
				"CODE_SIGN_IDENTITY[sdk=iphoneos*]" = "iPhone Developer";
				COPY_PHASE_STRIP = NO;
				DEBUG_INFORMATION_FORMAT = dwarf;
				ENABLE_STRICT_OBJC_MSGSEND = YES;
				ENABLE_TESTABILITY = YES;
				GCC_C_LANGUAGE_STANDARD = gnu99;
				GCC_DYNAMIC_NO_PIC = NO;
				GCC_NO_COMMON_BLOCKS = YES;
				GCC_OPTIMIZATION_LEVEL = 0;
				GCC_PREPROCESSOR_DEFINITIONS = (
					"DEBUG=1",
					"$(inherited)",
				);
				GCC_WARN_64_TO_32_BIT_CONVERSION = YES;
				GCC_WARN_ABOUT_RETURN_TYPE = YES_ERROR;
				GCC_WARN_UNDECLARED_SELECTOR = YES;
				GCC_WARN_UNINITIALIZED_AUTOS = YES_AGGRESSIVE;
				GCC_WARN_UNUSED_FUNCTION = YES;
				GCC_WARN_UNUSED_VARIABLE = YES;
				IPHONEOS_DEPLOYMENT_TARGET = 9.2;
				MTL_ENABLE_DEBUG_INFO = YES;
				ONLY_ACTIVE_ARCH = YES;
				SDKROOT = iphoneos;
				SWIFT_OPTIMIZATION_LEVEL = "-Onone";
				TARGETED_DEVICE_FAMILY = "1,2";
			};
			name = Debug;
		};
		3D1283441CC5361B00F32375 /* Release */ = {
			isa = XCBuildConfiguration;
			buildSettings = {
				ALWAYS_SEARCH_USER_PATHS = NO;
				CLANG_CXX_LANGUAGE_STANDARD = "gnu++0x";
				CLANG_CXX_LIBRARY = "libc++";
				CLANG_ENABLE_MODULES = YES;
				CLANG_ENABLE_OBJC_ARC = YES;
				CLANG_WARN_BOOL_CONVERSION = YES;
				CLANG_WARN_CONSTANT_CONVERSION = YES;
				CLANG_WARN_DIRECT_OBJC_ISA_USAGE = YES_ERROR;
				CLANG_WARN_EMPTY_BODY = YES;
				CLANG_WARN_ENUM_CONVERSION = YES;
				CLANG_WARN_INT_CONVERSION = YES;
				CLANG_WARN_OBJC_ROOT_CLASS = YES_ERROR;
				CLANG_WARN_UNREACHABLE_CODE = YES;
				CLANG_WARN__DUPLICATE_METHOD_MATCH = YES;
				"CODE_SIGN_IDENTITY[sdk=iphoneos*]" = "iPhone Developer";
				COPY_PHASE_STRIP = NO;
				DEBUG_INFORMATION_FORMAT = "dwarf-with-dsym";
				ENABLE_NS_ASSERTIONS = NO;
				ENABLE_STRICT_OBJC_MSGSEND = YES;
				GCC_C_LANGUAGE_STANDARD = gnu99;
				GCC_NO_COMMON_BLOCKS = YES;
				GCC_WARN_64_TO_32_BIT_CONVERSION = YES;
				GCC_WARN_ABOUT_RETURN_TYPE = YES_ERROR;
				GCC_WARN_UNDECLARED_SELECTOR = YES;
				GCC_WARN_UNINITIALIZED_AUTOS = YES_AGGRESSIVE;
				GCC_WARN_UNUSED_FUNCTION = YES;
				GCC_WARN_UNUSED_VARIABLE = YES;
				IPHONEOS_DEPLOYMENT_TARGET = 9.2;
				MTL_ENABLE_DEBUG_INFO = NO;
				SDKROOT = iphoneos;
				TARGETED_DEVICE_FAMILY = "1,2";
				VALIDATE_PRODUCT = YES;
			};
			name = Release;
		};
		3D1283461CC5361B00F32375 /* Debug */ = {
			isa = XCBuildConfiguration;
			buildSettings = {
				ASSETCATALOG_COMPILER_APPICON_NAME = AppIcon;
				INFOPLIST_FILE = MannersApplication/Info.plist;
				IPHONEOS_DEPLOYMENT_TARGET = 8.0;
				LD_RUNPATH_SEARCH_PATHS = "$(inherited) @executable_path/Frameworks";
				PRODUCT_BUNDLE_IDENTIFIER = "com.Project-X-.MannersApplication";
				PRODUCT_NAME = "$(TARGET_NAME)";
			};
			name = Debug;
		};
		3D1283471CC5361B00F32375 /* Release */ = {
			isa = XCBuildConfiguration;
			buildSettings = {
				ASSETCATALOG_COMPILER_APPICON_NAME = AppIcon;
				INFOPLIST_FILE = MannersApplication/Info.plist;
				IPHONEOS_DEPLOYMENT_TARGET = 8.0;
				LD_RUNPATH_SEARCH_PATHS = "$(inherited) @executable_path/Frameworks";
				PRODUCT_BUNDLE_IDENTIFIER = "com.Project-X-.MannersApplication";
				PRODUCT_NAME = "$(TARGET_NAME)";
			};
			name = Release;
		};
/* End XCBuildConfiguration section */

/* Begin XCConfigurationList section */
		3D12832B1CC5361A00F32375 /* Build configuration list for PBXProject "MannersApplication" */ = {
			isa = XCConfigurationList;
			buildConfigurations = (
				3D1283431CC5361B00F32375 /* Debug */,
				3D1283441CC5361B00F32375 /* Release */,
			);
			defaultConfigurationIsVisible = 0;
			defaultConfigurationName = Release;
		};
		3D1283451CC5361B00F32375 /* Build configuration list for PBXNativeTarget "MannersApplication" */ = {
			isa = XCConfigurationList;
			buildConfigurations = (
				3D1283461CC5361B00F32375 /* Debug */,
				3D1283471CC5361B00F32375 /* Release */,
			);
			defaultConfigurationIsVisible = 0;
		};
/* End XCConfigurationList section */

/* Begin XCVersionGroup section */
		3D12833A1CC5361B00F32375 /* MannersApplication.xcdatamodeld */ = {
			isa = XCVersionGroup;
			children = (
				3D12833B1CC5361B00F32375 /* MannersApplication.xcdatamodel */,
			);
			currentVersion = 3D12833B1CC5361B00F32375 /* MannersApplication.xcdatamodel */;
			path = MannersApplication.xcdatamodeld;
			sourceTree = "<group>";
			versionGroupType = wrapper.xcdatamodel;
		};
/* End XCVersionGroup section */
	};
	rootObject = 3D1283281CC5361A00F32375 /* Project object */;
}
